
Microsoft Visual Studio Solution File, Format Version 12.00
# Visual Studio Version 16
VisualStudioVersion = 16.0.810.11
MinimumVisualStudioVersion = 10.0.40219.1
Project("{FAE04EC0-301F-11D3-BF4B-00C04F79EFBC}") = "RockPaperScissors", "RockPaperScissors\RockPaperScissors.csproj", "{63DF7AC3-1322-49C5-B92A-6515242F09A4}"
EndProject
Project("{FAE04EC0-301F-11D3-BF4B-00C04F79EFBC}") = "RockPaperScissors.Tests", "RockPaperScissors.Tests\RockPaperScissors.Tests.csproj", "{CF52B6F6-F150-4C51-8D65-10D1E8BD5214}"
EndProject
Global
	GlobalSection(SolutionConfigurationPlatforms) = preSolution
		Debug|Any CPU = Debug|Any CPU
		Release|Any CPU = Release|Any CPU
	EndGlobalSection
	GlobalSection(ProjectConfigurationPlatforms) = postSolution
		{63DF7AC3-1322-49C5-B92A-6515242F09A4}.Debug|Any CPU.ActiveCfg = Debug|Any CPU
		{63DF7AC3-1322-49C5-B92A-6515242F09A4}.Debug|Any CPU.Build.0 = Debug|Any CPU
		{63DF7AC3-1322-49C5-B92A-6515242F09A4}.Release|Any CPU.ActiveCfg = Release|Any CPU
		{63DF7AC3-1322-49C5-B92A-6515242F09A4}.Release|Any CPU.Build.0 = Release|Any CPU
		{CF52B6F6-F150-4C51-8D65-10D1E8BD5214}.Debug|Any CPU.ActiveCfg = Debug|Any CPU
		{CF52B6F6-F150-4C51-8D65-10D1E8BD5214}.Debug|Any CPU.Build.0 = Debug|Any CPU
		{CF52B6F6-F150-4C51-8D65-10D1E8BD5214}.Release|Any CPU.ActiveCfg = Release|Any CPU
		{CF52B6F6-F150-4C51-8D65-10D1E8BD5214}.Release|Any CPU.Build.0 = Release|Any CPU
	EndGlobalSection
	GlobalSection(SolutionProperties) = preSolution
		HideSolutionNode = FALSE
	EndGlobalSection
	GlobalSection(ExtensibilityGlobals) = postSolution
		SolutionGuid = {0DCB3C03-DD19-44D4-9A76-7558ADF3ED9A}
	EndGlobalSection
EndGlobal
